
Microsoft Visual Studio Solution File, Format Version 12.00
# Visual Studio Version 17
VisualStudioVersion = 17.0.31903.59
MinimumVisualStudioVersion = 10.0.40219.1
Project("{9A19103F-16F7-4668-BE54-9A1E7A4F7556}") = "Diplomna.App", "Diplomna.App\Diplomna.App.csproj", "{1C8C0DDA-7220-448D-937D-8F99A92A5C28}"
EndProject
Project("{9A19103F-16F7-4668-BE54-9A1E7A4F7556}") = "Diplomna.Services", "Diplomna.Services\Diplomna.Services.csproj", "{4EEB274C-3AFA-400F-A008-9913C2D84EE2}"
EndProject
Project("{9A19103F-16F7-4668-BE54-9A1E7A4F7556}") = "Diplomna.Models", "Diplomna.Models\Diplomna.Models.csproj", "{C71FE1EC-EF4D-40C0-9AD0-DC8051F9F6BE}"
EndProject
Project("{9A19103F-16F7-4668-BE54-9A1E7A4F7556}") = "Diplomna.Common", "Diplomna.Common\Diplomna.Common.csproj", "{C3D1B856-E1B4-4046-B6FA-4BC85D6382FC}"
EndProject
Global
	GlobalSection(SolutionConfigurationPlatforms) = preSolution
		Debug|Any CPU = Debug|Any CPU
		Release|Any CPU = Release|Any CPU
	EndGlobalSection
	GlobalSection(ProjectConfigurationPlatforms) = postSolution
		{1C8C0DDA-7220-448D-937D-8F99A92A5C28}.Debug|Any CPU.ActiveCfg = Debug|Any CPU
		{1C8C0DDA-7220-448D-937D-8F99A92A5C28}.Debug|Any CPU.Build.0 = Debug|Any CPU
		{1C8C0DDA-7220-448D-937D-8F99A92A5C28}.Release|Any CPU.ActiveCfg = Release|Any CPU
		{1C8C0DDA-7220-448D-937D-8F99A92A5C28}.Release|Any CPU.Build.0 = Release|Any CPU
		{4EEB274C-3AFA-400F-A008-9913C2D84EE2}.Debug|Any CPU.ActiveCfg = Debug|Any CPU
		{4EEB274C-3AFA-400F-A008-9913C2D84EE2}.Debug|Any CPU.Build.0 = Debug|Any CPU
		{4EEB274C-3AFA-400F-A008-9913C2D84EE2}.Release|Any CPU.ActiveCfg = Release|Any CPU
		{4EEB274C-3AFA-400F-A008-9913C2D84EE2}.Release|Any CPU.Build.0 = Release|Any CPU
		{C71FE1EC-EF4D-40C0-9AD0-DC8051F9F6BE}.Debug|Any CPU.ActiveCfg = Debug|Any CPU
		{C71FE1EC-EF4D-40C0-9AD0-DC8051F9F6BE}.Debug|Any CPU.Build.0 = Debug|Any CPU
		{C71FE1EC-EF4D-40C0-9AD0-DC8051F9F6BE}.Release|Any CPU.ActiveCfg = Release|Any CPU
		{C71FE1EC-EF4D-40C0-9AD0-DC8051F9F6BE}.Release|Any CPU.Build.0 = Release|Any CPU
		{C3D1B856-E1B4-4046-B6FA-4BC85D6382FC}.Debug|Any CPU.ActiveCfg = Debug|Any CPU
		{C3D1B856-E1B4-4046-B6FA-4BC85D6382FC}.Debug|Any CPU.Build.0 = Debug|Any CPU
		{C3D1B856-E1B4-4046-B6FA-4BC85D6382FC}.Release|Any CPU.ActiveCfg = Release|Any CPU
		{C3D1B856-E1B4-4046-B6FA-4BC85D6382FC}.Release|Any CPU.Build.0 = Release|Any CPU
	EndGlobalSection
	GlobalSection(SolutionProperties) = preSolution
		HideSolutionNode = FALSE
	EndGlobalSection
	GlobalSection(ExtensibilityGlobals) = postSolution
		SolutionGuid = {6B8D292E-4FDE-49D2-99D9-9245EA739383}
	EndGlobalSection
EndGlobal
